// !$*UTF8*$!
{
	archiveVersion = 1;
	classes = {
	};
	objectVersion = 51;
	objects = {

/* Begin PBXBuildFile section */
		5750AA592262C2BB00A956D9 /* Preferences.swift in Sources */ = {isa = PBXBuildFile; fileRef = 5750AA582262C2BB00A956D9 /* Preferences.swift */; };
		5750AA782262F21F00A956D9 /* ABE.framework in Embed Frameworks */ = {isa = PBXBuildFile; fileRef = 576334A52261AA300059C5B6 /* ABE.framework */; settings = {ATTRIBUTES = (CodeSignOnCopy, RemoveHeadersOnCopy, ); }; };
		5750AA792262F21F00A956D9 /* FFmpeg.framework in Embed Frameworks */ = {isa = PBXBuildFile; fileRef = 576334A32261AA300059C5B6 /* FFmpeg.framework */; settings = {ATTRIBUTES = (CodeSignOnCopy, RemoveHeadersOnCopy, ); }; };
		5750AA7A2262F21F00A956D9 /* MediaFramework.framework in Embed Frameworks */ = {isa = PBXBuildFile; fileRef = 576334A42261AA300059C5B6 /* MediaFramework.framework */; settings = {ATTRIBUTES = (CodeSignOnCopy, RemoveHeadersOnCopy, ); }; };
		576334A62261AA300059C5B6 /* FFmpeg.framework in Frameworks */ = {isa = PBXBuildFile; fileRef = 576334A32261AA300059C5B6 /* FFmpeg.framework */; };
		576334A72261AA300059C5B6 /* MediaFramework.framework in Frameworks */ = {isa = PBXBuildFile; fileRef = 576334A42261AA300059C5B6 /* MediaFramework.framework */; };
		576334A82261AA300059C5B6 /* ABE.framework in Frameworks */ = {isa = PBXBuildFile; fileRef = 576334A52261AA300059C5B6 /* ABE.framework */; };
		57F3157D22608C98000D6B77 /* AppDelegate.swift in Sources */ = {isa = PBXBuildFile; fileRef = 57F3157C22608C98000D6B77 /* AppDelegate.swift */; };
		57F3157F22608C98000D6B77 /* ViewController.swift in Sources */ = {isa = PBXBuildFile; fileRef = 57F3157E22608C98000D6B77 /* ViewController.swift */; };
		57F3158122608C98000D6B77 /* Assets.xcassets in Resources */ = {isa = PBXBuildFile; fileRef = 57F3158022608C98000D6B77 /* Assets.xcassets */; };
		57F3158422608C98000D6B77 /* Main.storyboard in Resources */ = {isa = PBXBuildFile; fileRef = 57F3158222608C98000D6B77 /* Main.storyboard */; };
		57F3159D22608D1A000D6B77 /* (null) in Sources */ = {isa = PBXBuildFile; };
		57F3159E22608D1A000D6B77 /* PrefsViewController.swift in Sources */ = {isa = PBXBuildFile; fileRef = 57F3159722608D1A000D6B77 /* PrefsViewController.swift */; };
		57F3159F22608D1A000D6B77 /* OpenGLView.swift in Sources */ = {isa = PBXBuildFile; fileRef = 57F3159822608D1A000D6B77 /* OpenGLView.swift */; };
		57F315A022608D1A000D6B77 /* BaseView.swift in Sources */ = {isa = PBXBuildFile; fileRef = 57F3159922608D1A000D6B77 /* BaseView.swift */; };
		57F315A122608D1A000D6B77 /* (null) in Sources */ = {isa = PBXBuildFile; };
		57F315A222608D1A000D6B77 /* NativePlayer.swift in Sources */ = {isa = PBXBuildFile; fileRef = 57F3159B22608D1A000D6B77 /* NativePlayer.swift */; };
/* End PBXBuildFile section */

/* Begin PBXCopyFilesBuildPhase section */
		57F315A922609055000D6B77 /* Embed Frameworks */ = {
			isa = PBXCopyFilesBuildPhase;
			buildActionMask = 8;
			dstPath = "";
			dstSubfolderSpec = 10;
			files = (
				5750AA782262F21F00A956D9 /* ABE.framework in Embed Frameworks */,
				5750AA792262F21F00A956D9 /* FFmpeg.framework in Embed Frameworks */,
				5750AA7A2262F21F00A956D9 /* MediaFramework.framework in Embed Frameworks */,
			);
			name = "Embed Frameworks";
			runOnlyForDeploymentPostprocessing = 1;
		};
/* End PBXCopyFilesBuildPhase section */

/* Begin PBXFileReference section */
		5750AA582262C2BB00A956D9 /* Preferences.swift */ = {isa = PBXFileReference; lastKnownFileType = sourcecode.swift; path = Preferences.swift; sourceTree = "<group>"; };
		576334A32261AA300059C5B6 /* FFmpeg.framework */ = {isa = PBXFileReference; lastKnownFileType = wrapper.framework; name = FFmpeg.framework; path = ../../Library/Frameworks/FFmpeg.framework; sourceTree = "<group>"; };
		576334A42261AA300059C5B6 /* MediaFramework.framework */ = {isa = PBXFileReference; lastKnownFileType = wrapper.framework; name = MediaFramework.framework; path = ../../Library/Frameworks/MediaFramework.framework; sourceTree = "<group>"; };
		576334A52261AA300059C5B6 /* ABE.framework */ = {isa = PBXFileReference; lastKnownFileType = wrapper.framework; name = ABE.framework; path = ../../Library/Frameworks/ABE.framework; sourceTree = "<group>"; };
		57F3157922608C98000D6B77 /* mpx.app */ = {isa = PBXFileReference; explicitFileType = wrapper.application; includeInIndex = 0; path = mpx.app; sourceTree = BUILT_PRODUCTS_DIR; };
		57F3157C22608C98000D6B77 /* AppDelegate.swift */ = {isa = PBXFileReference; lastKnownFileType = sourcecode.swift; path = AppDelegate.swift; sourceTree = "<group>"; };
		57F3157E22608C98000D6B77 /* ViewController.swift */ = {isa = PBXFileReference; lastKnownFileType = sourcecode.swift; path = ViewController.swift; sourceTree = "<group>"; };
		57F3158022608C98000D6B77 /* Assets.xcassets */ = {isa = PBXFileReference; lastKnownFileType = folder.assetcatalog; path = Assets.xcassets; sourceTree = "<group>"; };
		57F3158322608C98000D6B77 /* Base */ = {isa = PBXFileReference; lastKnownFileType = file.storyboard; name = Base; path = Base.lproj/Main.storyboard; sourceTree = "<group>"; };
		57F3158522608C98000D6B77 /* Info.plist */ = {isa = PBXFileReference; lastKnownFileType = text.plist.xml; path = Info.plist; sourceTree = "<group>"; };
		57F3158622608C98000D6B77 /* mpx.entitlements */ = {isa = PBXFileReference; lastKnownFileType = text.plist.entitlements; path = mpx.entitlements; sourceTree = "<group>"; };
		57F3159722608D1A000D6B77 /* PrefsViewController.swift */ = {isa = PBXFileReference; fileEncoding = 4; lastKnownFileType = sourcecode.swift; path = PrefsViewController.swift; sourceTree = "<group>"; };
		57F3159822608D1A000D6B77 /* OpenGLView.swift */ = {isa = PBXFileReference; fileEncoding = 4; lastKnownFileType = sourcecode.swift; path = OpenGLView.swift; sourceTree = "<group>"; };
		57F3159922608D1A000D6B77 /* BaseView.swift */ = {isa = PBXFileReference; fileEncoding = 4; lastKnownFileType = sourcecode.swift; path = BaseView.swift; sourceTree = "<group>"; };
		57F3159B22608D1A000D6B77 /* NativePlayer.swift */ = {isa = PBXFileReference; fileEncoding = 4; lastKnownFileType = sourcecode.swift; path = NativePlayer.swift; sourceTree = "<group>"; };
		57F3159C22608D1A000D6B77 /* mpx-Bridging-Header.h */ = {isa = PBXFileReference; fileEncoding = 4; lastKnownFileType = sourcecode.c.h; path = "mpx-Bridging-Header.h"; sourceTree = "<group>"; };
/* End PBXFileReference section */

/* Begin PBXFrameworksBuildPhase section */
		57F3157622608C98000D6B77 /* Frameworks */ = {
			isa = PBXFrameworksBuildPhase;
			buildActionMask = 2147483647;
			files = (
				576334A62261AA300059C5B6 /* FFmpeg.framework in Frameworks */,
				576334A72261AA300059C5B6 /* MediaFramework.framework in Frameworks */,
				576334A82261AA300059C5B6 /* ABE.framework in Frameworks */,
			);
			runOnlyForDeploymentPostprocessing = 0;
		};
/* End PBXFrameworksBuildPhase section */

/* Begin PBXGroup section */
		576334A22261AA2F0059C5B6 /* Frameworks */ = {
			isa = PBXGroup;
			children = (
				576334A52261AA300059C5B6 /* ABE.framework */,
				576334A32261AA300059C5B6 /* FFmpeg.framework */,
				576334A42261AA300059C5B6 /* MediaFramework.framework */,
			);
			name = Frameworks;
			sourceTree = "<group>";
		};
		57F3157022608C98000D6B77 = {
			isa = PBXGroup;
			children = (
				57F3157B22608C98000D6B77 /* mpx */,
				57F3157A22608C98000D6B77 /* Products */,
				576334A22261AA2F0059C5B6 /* Frameworks */,
			);
			sourceTree = "<group>";
		};
		57F3157A22608C98000D6B77 /* Products */ = {
			isa = PBXGroup;
			children = (
				57F3157922608C98000D6B77 /* mpx.app */,
			);
			name = Products;
			sourceTree = "<group>";
		};
		57F3157B22608C98000D6B77 /* mpx */ = {
			isa = PBXGroup;
			children = (
				57F3157C22608C98000D6B77 /* AppDelegate.swift */,
				57F3157E22608C98000D6B77 /* ViewController.swift */,
				5750AA582262C2BB00A956D9 /* Preferences.swift */,
				57F3159922608D1A000D6B77 /* BaseView.swift */,
				57F3159C22608D1A000D6B77 /* mpx-Bridging-Header.h */,
				57F3159B22608D1A000D6B77 /* NativePlayer.swift */,
				57F3159822608D1A000D6B77 /* OpenGLView.swift */,
				57F3159722608D1A000D6B77 /* PrefsViewController.swift */,
				57F3158022608C98000D6B77 /* Assets.xcassets */,
				57F3158222608C98000D6B77 /* Main.storyboard */,
				57F3158522608C98000D6B77 /* Info.plist */,
				57F3158622608C98000D6B77 /* mpx.entitlements */,
			);
			path = mpx;
			sourceTree = "<group>";
		};
/* End PBXGroup section */

/* Begin PBXNativeTarget section */
		57F3157822608C98000D6B77 /* mpx */ = {
			isa = PBXNativeTarget;
			buildConfigurationList = 57F3158922608C98000D6B77 /* Build configuration list for PBXNativeTarget "mpx" */;
			buildPhases = (
				57F3157522608C98000D6B77 /* Sources */,
				57F3157622608C98000D6B77 /* Frameworks */,
				57F3157722608C98000D6B77 /* Resources */,
				57F315A922609055000D6B77 /* Embed Frameworks */,
			);
			buildRules = (
			);
			dependencies = (
			);
			name = mpx;
			productName = mpx;
			productReference = 57F3157922608C98000D6B77 /* mpx.app */;
			productType = "com.apple.product-type.application";
		};
/* End PBXNativeTarget section */

/* Begin PBXProject section */
		57F3157122608C98000D6B77 /* Project object */ = {
			isa = PBXProject;
			attributes = {
				LastSwiftUpdateCheck = 1020;
				LastUpgradeCheck = 1020;
				ORGANIZATIONNAME = "Chen Fang";
				TargetAttributes = {
					57F3157822608C98000D6B77 = {
						CreatedOnToolsVersion = 10.2;
					};
				};
			};
			buildConfigurationList = 57F3157422608C98000D6B77 /* Build configuration list for PBXProject "mpx" */;
			compatibilityVersion = "Xcode 10.0";
			developmentRegion = en;
			hasScannedForEncodings = 0;
			knownRegions = (
				en,
				Base,
			);
			mainGroup = 57F3157022608C98000D6B77;
			productRefGroup = 57F3157A22608C98000D6B77 /* Products */;
			projectDirPath = "";
			projectRoot = "";
			targets = (
				57F3157822608C98000D6B77 /* mpx */,
			);
		};
/* End PBXProject section */

/* Begin PBXResourcesBuildPhase section */
		57F3157722608C98000D6B77 /* Resources */ = {
			isa = PBXResourcesBuildPhase;
			buildActionMask = 2147483647;
			files = (
				57F3158122608C98000D6B77 /* Assets.xcassets in Resources */,
				57F3158422608C98000D6B77 /* Main.storyboard in Resources */,
			);
			runOnlyForDeploymentPostprocessing = 0;
		};
/* End PBXResourcesBuildPhase section */

/* Begin PBXSourcesBuildPhase section */
		57F3157522608C98000D6B77 /* Sources */ = {
			isa = PBXSourcesBuildPhase;
			buildActionMask = 2147483647;
			files = (
				57F3159D22608D1A000D6B77 /* (null) in Sources */,
				57F315A222608D1A000D6B77 /* NativePlayer.swift in Sources */,
				57F3157F22608C98000D6B77 /* ViewController.swift in Sources */,
				57F3157D22608C98000D6B77 /* AppDelegate.swift in Sources */,
				57F315A022608D1A000D6B77 /* BaseView.swift in Sources */,
				57F315A122608D1A000D6B77 /* (null) in Sources */,
				57F3159F22608D1A000D6B77 /* OpenGLView.swift in Sources */,
				57F3159E22608D1A000D6B77 /* PrefsViewController.swift in Sources */,
				5750AA592262C2BB00A956D9 /* Preferences.swift in Sources */,
			);
			runOnlyForDeploymentPostprocessing = 0;
		};
/* End PBXSourcesBuildPhase section */

/* Begin PBXVariantGroup section */
		57F3158222608C98000D6B77 /* Main.storyboard */ = {
			isa = PBXVariantGroup;
			children = (
				57F3158322608C98000D6B77 /* Base */,
			);
			name = Main.storyboard;
			sourceTree = "<group>";
		};
/* End PBXVariantGroup section */

/* Begin XCBuildConfiguration section */
		57F3158722608C98000D6B77 /* Debug */ = {
			isa = XCBuildConfiguration;
			buildSettings = {
				ALWAYS_SEARCH_USER_PATHS = NO;
				CLANG_ANALYZER_NONNULL = YES;
				CLANG_ANALYZER_NUMBER_OBJECT_CONVERSION = YES_AGGRESSIVE;
				CLANG_CXX_LANGUAGE_STANDARD = "c++98";
				CLANG_CXX_LIBRARY = "compiler-default";
				CLANG_ENABLE_MODULES = YES;
				CLANG_ENABLE_OBJC_ARC = YES;
				CLANG_ENABLE_OBJC_WEAK = YES;
				CLANG_WARN_BLOCK_CAPTURE_AUTORELEASING = YES;
				CLANG_WARN_BOOL_CONVERSION = YES;
				CLANG_WARN_COMMA = YES;
				CLANG_WARN_CONSTANT_CONVERSION = YES;
				CLANG_WARN_DEPRECATED_OBJC_IMPLEMENTATIONS = YES;
				CLANG_WARN_DIRECT_OBJC_ISA_USAGE = YES_ERROR;
				CLANG_WARN_DOCUMENTATION_COMMENTS = YES;
				CLANG_WARN_EMPTY_BODY = YES;
				CLANG_WARN_ENUM_CONVERSION = YES;
				CLANG_WARN_INFINITE_RECURSION = YES;
				CLANG_WARN_INT_CONVERSION = YES;
				CLANG_WARN_NON_LITERAL_NULL_CONVERSION = YES;
				CLANG_WARN_OBJC_IMPLICIT_RETAIN_SELF = YES;
				CLANG_WARN_OBJC_LITERAL_CONVERSION = YES;
				CLANG_WARN_OBJC_ROOT_CLASS = YES_ERROR;
				CLANG_WARN_RANGE_LOOP_ANALYSIS = YES;
				CLANG_WARN_STRICT_PROTOTYPES = YES;
				CLANG_WARN_SUSPICIOUS_MOVE = YES;
				CLANG_WARN_UNGUARDED_AVAILABILITY = YES_AGGRESSIVE;
				CLANG_WARN_UNREACHABLE_CODE = YES;
				CLANG_WARN__DUPLICATE_METHOD_MATCH = YES;
				CODE_SIGN_IDENTITY = "Mac Developer";
				COPY_PHASE_STRIP = NO;
				DEBUG_INFORMATION_FORMAT = dwarf;
				ENABLE_STRICT_OBJC_MSGSEND = YES;
				ENABLE_TESTABILITY = YES;
				GCC_C_LANGUAGE_STANDARD = c99;
				GCC_DYNAMIC_NO_PIC = NO;
				GCC_NO_COMMON_BLOCKS = YES;
				GCC_OPTIMIZATION_LEVEL = 0;
				GCC_PREPROCESSOR_DEFINITIONS = (
					"DEBUG=1",
					"$(inherited)",
				);
				GCC_WARN_64_TO_32_BIT_CONVERSION = YES;
				GCC_WARN_ABOUT_RETURN_TYPE = YES_ERROR;
				GCC_WARN_UNDECLARED_SELECTOR = YES;
				GCC_WARN_UNINITIALIZED_AUTOS = YES_AGGRESSIVE;
				GCC_WARN_UNUSED_FUNCTION = YES;
				GCC_WARN_UNUSED_VARIABLE = YES;
				MACOSX_DEPLOYMENT_TARGET = 10.14;
				MTL_ENABLE_DEBUG_INFO = INCLUDE_SOURCE;
				MTL_FAST_MATH = YES;
				ONLY_ACTIVE_ARCH = YES;
				SDKROOT = macosx;
				SWIFT_ACTIVE_COMPILATION_CONDITIONS = DEBUG;
				SWIFT_OBJC_BRIDGING_HEADER = "mpx/mpx-Bridging-Header.h";
				SWIFT_OPTIMIZATION_LEVEL = "-Onone";
			};
			name = Debug;
		};
		57F3158822608C98000D6B77 /* Release */ = {
			isa = XCBuildConfiguration;
			buildSettings = {
				ALWAYS_SEARCH_USER_PATHS = NO;
				CLANG_ANALYZER_NONNULL = YES;
				CLANG_ANALYZER_NUMBER_OBJECT_CONVERSION = YES_AGGRESSIVE;
				CLANG_CXX_LANGUAGE_STANDARD = "c++98";
				CLANG_CXX_LIBRARY = "compiler-default";
				CLANG_ENABLE_MODULES = YES;
				CLANG_ENABLE_OBJC_ARC = YES;
				CLANG_ENABLE_OBJC_WEAK = YES;
				CLANG_WARN_BLOCK_CAPTURE_AUTORELEASING = YES;
				CLANG_WARN_BOOL_CONVERSION = YES;
				CLANG_WARN_COMMA = YES;
				CLANG_WARN_CONSTANT_CONVERSION = YES;
				CLANG_WARN_DEPRECATED_OBJC_IMPLEMENTATIONS = YES;
				CLANG_WARN_DIRECT_OBJC_ISA_USAGE = YES_ERROR;
				CLANG_WARN_DOCUMENTATION_COMMENTS = YES;
				CLANG_WARN_EMPTY_BODY = YES;
				CLANG_WARN_ENUM_CONVERSION = YES;
				CLANG_WARN_INFINITE_RECURSION = YES;
				CLANG_WARN_INT_CONVERSION = YES;
				CLANG_WARN_NON_LITERAL_NULL_CONVERSION = YES;
				CLANG_WARN_OBJC_IMPLICIT_RETAIN_SELF = YES;
				CLANG_WARN_OBJC_LITERAL_CONVERSION = YES;
				CLANG_WARN_OBJC_ROOT_CLASS = YES_ERROR;
				CLANG_WARN_RANGE_LOOP_ANALYSIS = YES;
				CLANG_WARN_STRICT_PROTOTYPES = YES;
				CLANG_WARN_SUSPICIOUS_MOVE = YES;
				CLANG_WARN_UNGUARDED_AVAILABILITY = YES_AGGRESSIVE;
				CLANG_WARN_UNREACHABLE_CODE = YES;
				CLANG_WARN__DUPLICATE_METHOD_MATCH = YES;
				CODE_SIGN_IDENTITY = "Mac Developer";
				COPY_PHASE_STRIP = NO;
				DEBUG_INFORMATION_FORMAT = "dwarf-with-dsym";
				ENABLE_NS_ASSERTIONS = NO;
				ENABLE_STRICT_OBJC_MSGSEND = YES;
				GCC_C_LANGUAGE_STANDARD = c99;
				GCC_NO_COMMON_BLOCKS = YES;
				GCC_WARN_64_TO_32_BIT_CONVERSION = YES;
				GCC_WARN_ABOUT_RETURN_TYPE = YES_ERROR;
				GCC_WARN_UNDECLARED_SELECTOR = YES;
				GCC_WARN_UNINITIALIZED_AUTOS = YES_AGGRESSIVE;
				GCC_WARN_UNUSED_FUNCTION = YES;
				GCC_WARN_UNUSED_VARIABLE = YES;
				MACOSX_DEPLOYMENT_TARGET = 10.14;
				MTL_ENABLE_DEBUG_INFO = NO;
				MTL_FAST_MATH = YES;
				SDKROOT = macosx;
				SWIFT_COMPILATION_MODE = wholemodule;
				SWIFT_OBJC_BRIDGING_HEADER = "mpx/mpx-Bridging-Header.h";
				SWIFT_OPTIMIZATION_LEVEL = "-O";
			};
			name = Release;
		};
		57F3158A22608C98000D6B77 /* Debug */ = {
			isa = XCBuildConfiguration;
			buildSettings = {
				ASSETCATALOG_COMPILER_APPICON_NAME = AppIcon;
				CODE_SIGN_ENTITLEMENTS = mpx/mpx.entitlements;
				CODE_SIGN_STYLE = Automatic;
				COMBINE_HIDPI_IMAGES = YES;
				DEVELOPMENT_TEAM = 9FY6WA76LN;
				FRAMEWORK_SEARCH_PATHS = (
					"$(inherited)",
					"$(PROJECT_DIR)",
					"$(USER_LIBRARY_DIR)/Frameworks",
				);
				INFOPLIST_FILE = mpx/Info.plist;
				LD_RUNPATH_SEARCH_PATHS = (
					"$(inherited)",
					"@executable_path/../Frameworks",
				);
				OTHER_CODE_SIGN_FLAGS = "--deep";
				PRODUCT_BUNDLE_IDENTIFIER = com.mtdcy.mpx;
				PRODUCT_NAME = "$(TARGET_NAME)";
				SWIFT_VERSION = 5.0;
			};
			name = Debug;
		};
		57F3158B22608C98000D6B77 /* Release */ = {
			isa = XCBuildConfiguration;
			buildSettings = {
				ASSETCATALOG_COMPILER_APPICON_NAME = AppIcon;
				CODE_SIGN_ENTITLEMENTS = mpx/mpx.entitlements;
				CODE_SIGN_STYLE = Automatic;
				COMBINE_HIDPI_IMAGES = YES;
				DEVELOPMENT_TEAM = 9FY6WA76LN;
				FRAMEWORK_SEARCH_PATHS = (
					"$(inherited)",
					"$(PROJECT_DIR)",
					"$(USER_LIBRARY_DIR)/Frameworks",
				);
				INFOPLIST_FILE = mpx/Info.plist;
				LD_RUNPATH_SEARCH_PATHS = (
					"$(inherited)",
					"@executable_path/../Frameworks",
				);
				OTHER_CODE_SIGN_FLAGS = "--deep";
				PRODUCT_BUNDLE_IDENTIFIER = com.mtdcy.mpx;
				PRODUCT_NAME = "$(TARGET_NAME)";
				SWIFT_VERSION = 5.0;
			};
			name = Release;
		};
/* End XCBuildConfiguration section */

/* Begin XCConfigurationList section */
		57F3157422608C98000D6B77 /* Build configuration list for PBXProject "mpx" */ = {
			isa = XCConfigurationList;
			buildConfigurations = (
				57F3158722608C98000D6B77 /* Debug */,
				57F3158822608C98000D6B77 /* Release */,
			);
			defaultConfigurationIsVisible = 0;
			defaultConfigurationName = Release;
		};
		57F3158922608C98000D6B77 /* Build configuration list for PBXNativeTarget "mpx" */ = {
			isa = XCConfigurationList;
			buildConfigurations = (
				57F3158A22608C98000D6B77 /* Debug */,
				57F3158B22608C98000D6B77 /* Release */,
			);
			defaultConfigurationIsVisible = 0;
			defaultConfigurationName = Release;
		};
/* End XCConfigurationList section */
	};
	rootObject = 57F3157122608C98000D6B77 /* Project object */;
}
